
Microsoft Visual Studio Solution File, Format Version 12.00
# Visual Studio 15
VisualStudioVersion = 15.0.26124.0
MinimumVisualStudioVersion = 15.0.26124.0
Project("{FAE04EC0-301F-11D3-BF4B-00C04F79EFBC}") = "ShapeWorld.Client", "ShapeWorld.Client\ShapeWorld.Client.csproj", "{730D0115-ECCD-4AD6-8E20-6DDE78A850ED}"
EndProject
Project("{FAE04EC0-301F-11D3-BF4B-00C04F79EFBC}") = "Shapeworld.Domain", "Shapeworld.Domain\Shapeworld.Domain.csproj", "{F3187428-8F40-4148-B10F-6767D2669204}"
EndProject
Global
	GlobalSection(SolutionConfigurationPlatforms) = preSolution
		Debug|Any CPU = Debug|Any CPU
		Debug|x64 = Debug|x64
		Debug|x86 = Debug|x86
		Release|Any CPU = Release|Any CPU
		Release|x64 = Release|x64
		Release|x86 = Release|x86
	EndGlobalSection
	GlobalSection(SolutionProperties) = preSolution
		HideSolutionNode = FALSE
	EndGlobalSection
	GlobalSection(ProjectConfigurationPlatforms) = postSolution
		{730D0115-ECCD-4AD6-8E20-6DDE78A850ED}.Debug|Any CPU.ActiveCfg = Debug|Any CPU
		{730D0115-ECCD-4AD6-8E20-6DDE78A850ED}.Debug|Any CPU.Build.0 = Debug|Any CPU
		{730D0115-ECCD-4AD6-8E20-6DDE78A850ED}.Debug|x64.ActiveCfg = Debug|Any CPU
		{730D0115-ECCD-4AD6-8E20-6DDE78A850ED}.Debug|x64.Build.0 = Debug|Any CPU
		{730D0115-ECCD-4AD6-8E20-6DDE78A850ED}.Debug|x86.ActiveCfg = Debug|Any CPU
		{730D0115-ECCD-4AD6-8E20-6DDE78A850ED}.Debug|x86.Build.0 = Debug|Any CPU
		{730D0115-ECCD-4AD6-8E20-6DDE78A850ED}.Release|Any CPU.ActiveCfg = Release|Any CPU
		{730D0115-ECCD-4AD6-8E20-6DDE78A850ED}.Release|Any CPU.Build.0 = Release|Any CPU
		{730D0115-ECCD-4AD6-8E20-6DDE78A850ED}.Release|x64.ActiveCfg = Release|Any CPU
		{730D0115-ECCD-4AD6-8E20-6DDE78A850ED}.Release|x64.Build.0 = Release|Any CPU
		{730D0115-ECCD-4AD6-8E20-6DDE78A850ED}.Release|x86.ActiveCfg = Release|Any CPU
		{730D0115-ECCD-4AD6-8E20-6DDE78A850ED}.Release|x86.Build.0 = Release|Any CPU
		{F3187428-8F40-4148-B10F-6767D2669204}.Debug|Any CPU.ActiveCfg = Debug|Any CPU
		{F3187428-8F40-4148-B10F-6767D2669204}.Debug|Any CPU.Build.0 = Debug|Any CPU
		{F3187428-8F40-4148-B10F-6767D2669204}.Debug|x64.ActiveCfg = Debug|Any CPU
		{F3187428-8F40-4148-B10F-6767D2669204}.Debug|x64.Build.0 = Debug|Any CPU
		{F3187428-8F40-4148-B10F-6767D2669204}.Debug|x86.ActiveCfg = Debug|Any CPU
		{F3187428-8F40-4148-B10F-6767D2669204}.Debug|x86.Build.0 = Debug|Any CPU
		{F3187428-8F40-4148-B10F-6767D2669204}.Release|Any CPU.ActiveCfg = Release|Any CPU
		{F3187428-8F40-4148-B10F-6767D2669204}.Release|Any CPU.Build.0 = Release|Any CPU
		{F3187428-8F40-4148-B10F-6767D2669204}.Release|x64.ActiveCfg = Release|Any CPU
		{F3187428-8F40-4148-B10F-6767D2669204}.Release|x64.Build.0 = Release|Any CPU
		{F3187428-8F40-4148-B10F-6767D2669204}.Release|x86.ActiveCfg = Release|Any CPU
		{F3187428-8F40-4148-B10F-6767D2669204}.Release|x86.Build.0 = Release|Any CPU
	EndGlobalSection
EndGlobal
